Microsoft Visual Studio Solution File, Format Version 12.00
# Visual Studio Version 17
VisualStudioVersion = 17.0.31903.59
MinimumVisualStudioVersion = 10.0.40219.1
Project("{9A19103F-16F7-4668-BE54-9A1E7A4F7556}") = "Driver", "src\Driver\Driver.csproj", "{F5C4CA26-4ABD-4118-981D-8C7F385154D4}"
EndProject
Project("{9A19103F-16F7-4668-BE54-9A1E7A4F7556}") = "Dnka.TryDataverse.Core", "src\Dnka.TryDataverse.Core\Dnka.TryDataverse.Core.csproj", "{5A16520F-42D0-4357-A1CB-7DFDB9D562B1}"
EndProject
Project("{9A19103F-16F7-4668-BE54-9A1E7A4F7556}") = "Dnka.TryDataverse.CreateTimeEntry", "src\Dnka.TryDataverse.CreateTimeEntry\Dnka.TryDataverse.CreateTimeEntry.csproj", "{DB0DE5A8-3FF6-4F43-AA3C-8D412DE5337F}"
EndProject
Project("{FAE04EC0-301F-11D3-BF4B-00C04F79EFBC}") = "Dnka.TryDataverse.CreateTimeEntry.Tests", "tests\Dnka.TryDataverse.CreateTimeEntry.Tests\Dnka.TryDataverse.CreateTimeEntry.Tests.csproj", "{C459A605-4C34-4841-A55A-558CEDCF6AFD}"
EndProject
Project("{2150E333-8FDC-42A3-9474-1A3956D46DE8}") = "tests", "tests", "{7D723AD5-49FA-44F9-A630-33919CFD0C8B}"
EndProject
Project("{2150E333-8FDC-42A3-9474-1A3956D46DE8}") = "src", "src", "{CAAD1A95-A233-46D6-BF28-030BE587CC7E}"
EndProject
Project("{FAE04EC0-301F-11D3-BF4B-00C04F79EFBC}") = "Dnka.TryDataverse.Core.Tests", "tests\Dnka.TryDataverse.Core.Tests\Dnka.TryDataverse.Core.Tests.csproj", "{E3C256DD-1414-4984-9407-496B3ED031BF}"
EndProject
Global
	GlobalSection(SolutionConfigurationPlatforms) = preSolution
		Debug|Any CPU = Debug|Any CPU
		Release|Any CPU = Release|Any CPU
	EndGlobalSection
	GlobalSection(ProjectConfigurationPlatforms) = postSolution
		{F5C4CA26-4ABD-4118-981D-8C7F385154D4}.Debug|Any CPU.ActiveCfg = Debug|Any CPU
		{F5C4CA26-4ABD-4118-981D-8C7F385154D4}.Debug|Any CPU.Build.0 = Debug|Any CPU
		{F5C4CA26-4ABD-4118-981D-8C7F385154D4}.Release|Any CPU.ActiveCfg = Release|Any CPU
		{F5C4CA26-4ABD-4118-981D-8C7F385154D4}.Release|Any CPU.Build.0 = Release|Any CPU
		{5A16520F-42D0-4357-A1CB-7DFDB9D562B1}.Debug|Any CPU.ActiveCfg = Debug|Any CPU
		{5A16520F-42D0-4357-A1CB-7DFDB9D562B1}.Debug|Any CPU.Build.0 = Debug|Any CPU
		{5A16520F-42D0-4357-A1CB-7DFDB9D562B1}.Release|Any CPU.ActiveCfg = Release|Any CPU
		{5A16520F-42D0-4357-A1CB-7DFDB9D562B1}.Release|Any CPU.Build.0 = Release|Any CPU
		{DB0DE5A8-3FF6-4F43-AA3C-8D412DE5337F}.Debug|Any CPU.ActiveCfg = Debug|Any CPU
		{DB0DE5A8-3FF6-4F43-AA3C-8D412DE5337F}.Debug|Any CPU.Build.0 = Debug|Any CPU
		{DB0DE5A8-3FF6-4F43-AA3C-8D412DE5337F}.Release|Any CPU.ActiveCfg = Release|Any CPU
		{DB0DE5A8-3FF6-4F43-AA3C-8D412DE5337F}.Release|Any CPU.Build.0 = Release|Any CPU
		{C459A605-4C34-4841-A55A-558CEDCF6AFD}.Debug|Any CPU.ActiveCfg = Debug|Any CPU
		{C459A605-4C34-4841-A55A-558CEDCF6AFD}.Debug|Any CPU.Build.0 = Debug|Any CPU
		{C459A605-4C34-4841-A55A-558CEDCF6AFD}.Release|Any CPU.ActiveCfg = Release|Any CPU
		{C459A605-4C34-4841-A55A-558CEDCF6AFD}.Release|Any CPU.Build.0 = Release|Any CPU
		{E3C256DD-1414-4984-9407-496B3ED031BF}.Debug|Any CPU.ActiveCfg = Debug|Any CPU
		{E3C256DD-1414-4984-9407-496B3ED031BF}.Debug|Any CPU.Build.0 = Debug|Any CPU
		{E3C256DD-1414-4984-9407-496B3ED031BF}.Release|Any CPU.ActiveCfg = Release|Any CPU
		{E3C256DD-1414-4984-9407-496B3ED031BF}.Release|Any CPU.Build.0 = Release|Any CPU
	EndGlobalSection
	GlobalSection(SolutionProperties) = preSolution
		HideSolutionNode = FALSE
	EndGlobalSection
	GlobalSection(NestedProjects) = preSolution
		{5A16520F-42D0-4357-A1CB-7DFDB9D562B1} = {CAAD1A95-A233-46D6-BF28-030BE587CC7E}
		{DB0DE5A8-3FF6-4F43-AA3C-8D412DE5337F} = {CAAD1A95-A233-46D6-BF28-030BE587CC7E}
		{C459A605-4C34-4841-A55A-558CEDCF6AFD} = {7D723AD5-49FA-44F9-A630-33919CFD0C8B}
		{E3C256DD-1414-4984-9407-496B3ED031BF} = {7D723AD5-49FA-44F9-A630-33919CFD0C8B}
	EndGlobalSection
	GlobalSection(ExtensibilityGlobals) = postSolution
		SolutionGuid = {F8404384-F3CD-4616-8FBE-008D2B09D8C5}
	EndGlobalSection
EndGlobal
